# THIS IS AN AUTOGENERATED FILE. DO NOT EDIT THIS FILE DIRECTLY.
# yarn lockfile v1


"@babel/code-frame@^7.12.13":
  "integrity" "sha512-iAXqUn8IIeBTNd72xsFlgaXHkMBMt6y4HJp1tIaK465CWLT/fG1aqB7ykr95gHHmlBdGbFeWWfyB4NJJ0nmeIg=="
  "resolved" "https://registry.npmjs.org/@babel/code-frame/-/code-frame-7.16.7.tgz"
  "version" "7.16.7"
  dependencies:
    "@babel/highlight" "^7.16.7"

"@babel/helper-validator-identifier@^7.16.7":
  "integrity" "sha512-hsEnFemeiW4D08A5gUAZxLBTXpZ39P+a+DGDsHw1yxqyQ/jzFEnxf5uTEGp+3bzAbNOxU1paTgYS4ECU/IgfDw=="
  "resolved" "https://registry.npmjs.org/@babel/helper-validator-identifier/-/helper-validator-identifier-7.16.7.tgz"
  "version" "7.16.7"

"@babel/highlight@^7.16.7":
  "integrity" "sha512-J9PfEKCbFIv2X5bjTMiZu6Vf341N05QIY+d6FvVKynkG1S7G0j3I0QoRtWIrXhZ+/Nlb5Q0MzqL7TokEJ5BNHg=="
  "resolved" "https://registry.npmjs.org/@babel/highlight/-/highlight-7.17.9.tgz"
  "version" "7.17.9"
  dependencies:
    "@babel/helper-validator-identifier" "^7.16.7"
    "chalk" "^2.0.0"
    "js-tokens" "^4.0.0"

"@jest/expect-utils@^28.1.0":
  "integrity" "sha512-5BrG48dpC0sB80wpeIX5FU6kolDJI4K0n5BM9a5V38MGx0pyRvUBSS0u2aNTdDzmOrCjhOg8pGs6a20ivYkdmw=="
  "resolved" "https://registry.npmjs.org/@jest/expect-utils/-/expect-utils-28.1.0.tgz"
  "version" "28.1.0"
  dependencies:
    "jest-get-type" "^28.0.2"

"@jest/schemas@^28.0.2":
  "integrity" "sha512-YVDJZjd4izeTDkij00vHHAymNXQ6WWsdChFRK86qck6Jpr3DCL5W3Is3vslviRlP+bLuMYRLbdp98amMvqudhA=="
  "resolved" "https://registry.npmjs.org/@jest/schemas/-/schemas-28.0.2.tgz"
  "version" "28.0.2"
  dependencies:
    "@sinclair/typebox" "^0.23.3"

"@jest/types@^28.1.0":
  "integrity" "sha512-xmEggMPr317MIOjjDoZ4ejCSr9Lpbt/u34+dvc99t7DS8YirW5rwZEhzKPC2BMUFkUhI48qs6qLUSGw5FuL0GA=="
  "resolved" "https://registry.npmjs.org/@jest/types/-/types-28.1.0.tgz"
  "version" "28.1.0"
  dependencies:
    "@jest/schemas" "^28.0.2"
    "@types/istanbul-lib-coverage" "^2.0.0"
    "@types/istanbul-reports" "^3.0.0"
    "@types/node" "*"
    "@types/yargs" "^17.0.8"
    "chalk" "^4.0.0"

"@sinclair/typebox@^0.23.3":
  "integrity" "sha512-AFBVi/iT4g20DHoujvMH1aEDn8fGJh4xsRGCP6d8RpLPMqsNPvW01Jcn0QysXTsg++/xj25NmJsGyH9xug/wKg=="
  "resolved" "https://registry.npmjs.org/@sinclair/typebox/-/typebox-0.23.5.tgz"
  "version" "0.23.5"

"@types/bson@*":
  "integrity" "sha512-mVRvYnTOZJz3ccpxhr3wgxVmSeiYinW+zlzQz3SXWaJmD1DuL05Jeq7nKw3SnbKmbleW5qrLG5vdyWe/A9sXhw=="
  "resolved" "https://registry.npmjs.org/@types/bson/-/bson-4.0.3.tgz"
  "version" "4.0.3"
  dependencies:
    "@types/node" "*"

"@types/istanbul-lib-coverage@*", "@types/istanbul-lib-coverage@^2.0.0":
  "integrity" "sha512-z/QT1XN4K4KYuslS23k62yDIDLwLFkzxOuMplDtObz0+y7VqJCaO2o+SPwHCvLFZh7xazvvoor2tA/hPz9ee7g=="
  "resolved" "https://registry.npmjs.org/@types/istanbul-lib-coverage/-/istanbul-lib-coverage-2.0.4.tgz"
  "version" "2.0.4"

"@types/istanbul-lib-report@*":
  "integrity" "sha512-plGgXAPfVKFoYfa9NpYDAkseG+g6Jr294RqeqcqDixSbU34MZVJRi/P+7Y8GDpzkEwLaGZZOpKIEmeVZNtKsrg=="
  "resolved" "https://registry.npmjs.org/@types/istanbul-lib-report/-/istanbul-lib-report-3.0.0.tgz"
  "version" "3.0.0"
  dependencies:
    "@types/istanbul-lib-coverage" "*"

"@types/istanbul-reports@^3.0.0":
  "integrity" "sha512-c3mAZEuK0lvBp8tmuL74XRKn1+y2dcwOUpH7x4WrF6gk1GIgiluDRgMYQtw2OFcBvAJWlt6ASU3tSqxp0Uu0Aw=="
  "resolved" "https://registry.npmjs.org/@types/istanbul-reports/-/istanbul-reports-3.0.1.tgz"
  "version" "3.0.1"
  dependencies:
    "@types/istanbul-lib-report" "*"

"@types/mongodb@^3.5.27":
  "integrity" "sha512-6YNqGP1hk5bjUFaim+QoFFuI61WjHiHE1BNeB41TA00Xd2K7zG4lcWyLLq/XtIp36uMavvS5hoAUJ+1u/GcX2Q=="
  "resolved" "https://registry.npmjs.org/@types/mongodb/-/mongodb-3.6.3.tgz"
  "version" "3.6.3"
  dependencies:
    "@types/bson" "*"
    "@types/node" "*"

"@types/node@*":
  "integrity" "sha512-g+f/qj/cNcqKkc3tFqlXOYjrmZA+jNBiDzbP3kH+B+otKFqAdPgVTGP1IeKRdMml/aE69as5S4FqtxAbl+LaMw=="
  "resolved" "https://registry.npmjs.org/@types/node/-/node-14.14.22.tgz"
  "version" "14.14.22"

"@types/stack-utils@^2.0.0":
  "integrity" "sha512-Hl219/BT5fLAaz6NDkSuhzasy49dwQS/DSdu4MdggFB8zcXv7vflBI3xp7FEmkmdDkBUI2bPUNeMttp2knYdxw=="
  "resolved" "https://registry.npmjs.org/@types/stack-utils/-/stack-utils-2.0.1.tgz"
  "version" "2.0.1"

"@types/yargs-parser@*":
  "integrity" "sha512-iO9ZQHkZxHn4mSakYV0vFHAVDyEOIJQrV2uZ06HxEPcx+mt8swXoZHIbaaJ2crJYFfErySgktuTZ3BeLz+XmFA=="
  "resolved" "https://registry.npmjs.org/@types/yargs-parser/-/yargs-parser-21.0.0.tgz"
  "version" "21.0.0"

"@types/yargs@^17.0.8":
  "integrity" "sha512-gmEaFwpj/7f/ROdtIlci1R1VYU1J4j95m8T+Tj3iBgiBFKg1foE/PSl93bBd5T9LDXNPo8UlNN6W0qwD8O5OaA=="
  "resolved" "https://registry.npmjs.org/@types/yargs/-/yargs-17.0.10.tgz"
  "version" "17.0.10"
  dependencies:
    "@types/yargs-parser" "*"

"ansi-regex@^5.0.1":
  "integrity" "sha512-quJQXlTSUGL2LH9SUXo8VwsY4soanhgo6LNSm84E1LBcE8s3O0wpdiRzyR9z/ZZJMlMWv37qOOb9pdJlMUEKFQ=="
  "resolved" "https://registry.npmjs.org/ansi-regex/-/ansi-regex-5.0.1.tgz"
  "version" "5.0.1"

"ansi-styles@^3.2.1":
  "integrity" "sha512-VT0ZI6kZRdTh8YyJw3SMbYm/u+NqfsAxEpWO0Pf9sq8/e94WxxOpPKx9FR1FlyCtOVDNOQ+8ntlqFxiRc+r5qA=="
  "resolved" "https://registry.npmjs.org/ansi-styles/-/ansi-styles-3.2.1.tgz"
  "version" "3.2.1"
  dependencies:
    "color-convert" "^1.9.0"

"ansi-styles@^4.1.0":
  "integrity" "sha512-zbB9rCJAT1rbjiVDb2hqKFHNYLxgtk8NURxZ3IZwD3F6NtxbXZQCnnSi1Lkx+IDohdPlFp222wVALIheZJQSEg=="
  "resolved" "https://registry.npmjs.org/ansi-styles/-/ansi-styles-4.3.0.tgz"
  "version" "4.3.0"
  dependencies:
    "color-convert" "^2.0.1"

"ansi-styles@^5.0.0":
  "integrity" "sha512-Cxwpt2SfTzTtXcfOlzGEee8O+c+MmUgGrNiBcXnuWxuFJHe6a5Hz7qwhwe5OgaSYI0IJvkLqWX1ASG+cJOkEiA=="
  "resolved" "https://registry.npmjs.org/ansi-styles/-/ansi-styles-5.2.0.tgz"
  "version" "5.2.0"

"async@~0.9.0":
  "integrity" "sha1-rqdNXmHB+JlhO/ZL2mbUx48v0X0="
  "resolved" "https://registry.npmjs.org/async/-/async-0.9.2.tgz"
  "version" "0.9.2"

"async@~1.0.0":
  "integrity" "sha1-+PwEyjoTeErenhZBr5hXjPvWR6k="
  "resolved" "https://registry.npmjs.org/async/-/async-1.0.0.tgz"
  "version" "1.0.0"

"balanced-match@^1.0.0":
  "integrity" "sha1-ibTRmasr7kneFk6gK4nORi1xt2c="
  "resolved" "https://registry.npmjs.org/balanced-match/-/balanced-match-1.0.0.tgz"
  "version" "1.0.0"

"bl@^2.2.1":
  "integrity" "sha512-6Pesp1w0DEX1N550i/uGV/TqucVL4AM/pgThFSN/Qq9si1/DF9aIHs1BxD8V/QU0HoeHO6cQRTAuYnLPKq1e4g=="
  "resolved" "https://registry.npmjs.org/bl/-/bl-2.2.1.tgz"
  "version" "2.2.1"
  dependencies:
    "readable-stream" "^2.3.5"
    "safe-buffer" "^5.1.1"

"bluebird@3.5.1":
  "integrity" "sha512-MKiLiV+I1AA596t9w1sQJ8jkiSr5+ZKi0WKrYGUn6d1Fx+Ij4tIj+m2WMQSGczs5jZVxV339chE8iwk6F64wjA=="
  "resolved" "https://registry.npmjs.org/bluebird/-/bluebird-3.5.1.tgz"
  "version" "3.5.1"

"brace-expansion@^1.1.7":
  "integrity" "sha512-iCuPHDFgrHX7H2vEI/5xpz07zSHB00TpugqhmYtVmMO6518mCuRMoOYFldEBl0g187ufozdaHgWKcYFb61qGiA=="
  "resolved" "https://registry.npmjs.org/brace-expansion/-/brace-expansion-1.1.11.tgz"
  "version" "1.1.11"
  dependencies:
    "balanced-match" "^1.0.0"
    "concat-map" "0.0.1"

"braces@^3.0.2":
  "integrity" "sha512-b8um+L1RzM3WDSzvhm6gIz1yfTbBt6YTlcEKAvsmqCZZFw46z626lVj9j1yEPW33H5H+lBQpZMP1k8l+78Ha0A=="
  "resolved" "https://registry.npmjs.org/braces/-/braces-3.0.2.tgz"
  "version" "3.0.2"
  dependencies:
    "fill-range" "^7.0.1"

"bson@^1.1.4":
  "integrity" "sha512-kDuEzldR21lHciPQAIulLs1LZlCXdLziXI6Mb/TDkwXhb//UORJNPXgcRs2CuO4H0DcMkpfT3/ySsP3unoZjBg=="
  "resolved" "https://registry.npmjs.org/bson/-/bson-1.1.5.tgz"
  "version" "1.1.5"

"builtin-modules@^1.0.0":
  "integrity" "sha1-Jw8HbFpywC9bZaR9+Uxf46J4iS8="
  "resolved" "https://registry.npmjs.org/builtin-modules/-/builtin-modules-1.1.1.tgz"
  "version" "1.1.1"

"chalk@^2.0.0":
  "integrity" "sha512-Mti+f9lpJNcwF4tWV8/OrTTtF1gZi+f8FqlyAdouralcFWFQWF2+NgCHShjkCb+IFBLq9buZwE1xckQU4peSuQ=="
  "resolved" "https://registry.npmjs.org/chalk/-/chalk-2.4.2.tgz"
  "version" "2.4.2"
  dependencies:
    "ansi-styles" "^3.2.1"
    "escape-string-regexp" "^1.0.5"
    "supports-color" "^5.3.0"

"chalk@^4.0.0":
  "integrity" "sha512-oKnbhFyRIXpUuez8iBMmyEa4nbj4IOQyuhc/wy9kY7/WVPcwIO9VA668Pu8RkO7+0G76SLROeyw9CpQ061i4mA=="
  "resolved" "https://registry.npmjs.org/chalk/-/chalk-4.1.2.tgz"
  "version" "4.1.2"
  dependencies:
    "ansi-styles" "^4.1.0"
    "supports-color" "^7.1.0"

"ci-info@^3.2.0":
  "integrity" "sha512-SXgeMX9VwDe7iFFaEWkA5AstuER9YKqy4EhHqr4DVqkwmD9rpVimkMKWHdjn30Ja45txyjhSn63lVX69eVCckg=="
  "resolved" "https://registry.npmjs.org/ci-info/-/ci-info-3.3.1.tgz"
  "version" "3.3.1"

"color-convert@^1.9.0":
  "integrity" "sha512-QfAUtd+vFdAtFQcC8CCyYt1fYWxSqAiK2cSD6zDB8N3cpsEBAvRxp9zOGg6G/SHHJYAT88/az/IuDGALsNVbGg=="
  "resolved" "https://registry.npmjs.org/color-convert/-/color-convert-1.9.3.tgz"
  "version" "1.9.3"
  dependencies:
    "color-name" "1.1.3"

"color-convert@^2.0.1":
  "integrity" "sha512-RRECPsj7iu/xb5oKYcsFHSppFNnsj/52OVTRKb4zP5onXwVF3zVmmToNcOfGC+CRDpfK/U584fMg38ZHCaElKQ=="
  "resolved" "https://registry.npmjs.org/color-convert/-/color-convert-2.0.1.tgz"
  "version" "2.0.1"
  dependencies:
    "color-name" "~1.1.4"

"color-name@~1.1.4":
  "integrity" "sha512-dOy+3AuW3a2wNbZHIuMZpTcgjGuLU/uBL/ubcZF9OXbDo8ff4O8yVp5Bf0efS8uEoYo5q4Fx7dY9OgQGXgAsQA=="
  "resolved" "https://registry.npmjs.org/color-name/-/color-name-1.1.4.tgz"
  "version" "1.1.4"

"color-name@1.1.3":
  "integrity" "sha1-p9BVi9icQveV3UIyj3QIMcpTvCU="
  "resolved" "https://registry.npmjs.org/color-name/-/color-name-1.1.3.tgz"
  "version" "1.1.3"

"colors@^1.1.2":
  "integrity" "sha512-a+UqTh4kgZg/SlGvfbzDHpgRu7AAQOmmqRHJnxhRZICKFUT91brVhNNt58CMWU9PsBbv3PDCZUHbVxuDiH2mtA=="
  "resolved" "https://registry.npmjs.org/colors/-/colors-1.4.0.tgz"
  "version" "1.4.0"

"colors@1.0.x":
  "integrity" "sha1-BDP0TYCWgP3rYO0mDxsMJi6CpAs="
  "resolved" "https://registry.npmjs.org/colors/-/colors-1.0.3.tgz"
  "version" "1.0.3"

"concat-map@0.0.1":
  "integrity" "sha1-2Klr13/Wjfd5OnMDajug1UBdR3s="
  "resolved" "https://registry.npmjs.org/concat-map/-/concat-map-0.0.1.tgz"
  "version" "0.0.1"

"core-util-is@~1.0.0":
  "integrity" "sha1-tf1UIgqivFq1eqtxQMlAdUUDwac="
  "resolved" "https://registry.npmjs.org/core-util-is/-/core-util-is-1.0.2.tgz"
  "version" "1.0.2"

"cycle@1.0.x":
  "integrity" "sha1-IegLK+hYD5i0aPN5QwZisEbDStI="
  "resolved" "https://registry.npmjs.org/cycle/-/cycle-1.0.3.tgz"
  "version" "1.0.3"

"debug@3.1.0":
  "integrity" "sha512-OX8XqP7/1a9cqkxYw2yXss15f26NKWBpDXQd0/uK/KPqdQhxbPa994hnzjcE2VqQpDslf55723cKPUOGSmMY3g=="
  "resolved" "https://registry.npmjs.org/debug/-/debug-3.1.0.tgz"
  "version" "3.1.0"
  dependencies:
    "ms" "2.0.0"

"deep-equal@~0.2.1":
  "integrity" "sha1-hLdFiW80xoTpjyzg5Cq69Du6AX0="
  "resolved" "https://registry.npmjs.org/deep-equal/-/deep-equal-0.2.2.tgz"
  "version" "0.2.2"

"denque@^1.4.1":
  "integrity" "sha512-CYiCSgIF1p6EUByQPlGkKnP1M9g0ZV3qMIrqMqZqdwazygIA/YP2vrbcyl1h/WppKJTdl1F85cXIle+394iDAQ=="
  "resolved" "https://registry.npmjs.org/denque/-/denque-1.5.0.tgz"
  "version" "1.5.0"

"diff-sequences@^28.0.2":
  "integrity" "sha512-YtEoNynLDFCRznv/XDalsKGSZDoj0U5kLnXvY0JSq3nBboRrZXjD81+eSiwi+nzcZDwedMmcowcxNwwgFW23mQ=="
  "resolved" "https://registry.npmjs.org/diff-sequences/-/diff-sequences-28.0.2.tgz"
  "version" "28.0.2"

"dotenv@^16.0.0":
  "integrity" "sha512-qD9WU0MPM4SWLPJy/r2Be+2WgQj8plChsyrCNQzW/0WjvcJQiKQJ9mH3ZgB3fxbUUxgc/11ZJ0Fi5KiimWGz2Q=="
  "resolved" "https://registry.npmjs.org/dotenv/-/dotenv-16.0.0.tgz"
  "version" "16.0.0"

"escape-string-regexp@^1.0.5":
  "integrity" "sha1-G2HAViGQqN/2rjuyzwIAyhMLhtQ="
  "resolved" "https://registry.npmjs.org/escape-string-regexp/-/escape-string-regexp-1.0.5.tgz"
  "version" "1.0.5"

"escape-string-regexp@^2.0.0":
  "integrity" "sha512-UpzcLCXolUWcNu5HtVMHYdXJjArjsF9C0aNnquZYY4uW/Vu0miy5YoWvbV345HauVvcAUnpRuhMMcqTcGOY2+w=="
  "resolved" "https://registry.npmjs.org/escape-string-regexp/-/escape-string-regexp-2.0.0.tgz"
  "version" "2.0.0"

"expect@^28.1.0":
  "integrity" "sha512-qFXKl8Pmxk8TBGfaFKRtcQjfXEnKAs+dmlxdwvukJZorwrAabT7M3h8oLOG01I2utEhkmUTi17CHaPBovZsKdw=="
  "resolved" "https://registry.npmjs.org/expect/-/expect-28.1.0.tgz"
  "version" "28.1.0"
  dependencies:
    "@jest/expect-utils" "^28.1.0"
    "jest-get-type" "^28.0.2"
    "jest-matcher-utils" "^28.1.0"
    "jest-message-util" "^28.1.0"
    "jest-util" "^28.1.0"

"eyes@0.1.x":
  "integrity" "sha1-Ys8SAjTGg3hdkCNIqADvPgzCC8A="
  "resolved" "https://registry.npmjs.org/eyes/-/eyes-0.1.8.tgz"
  "version" "0.1.8"

"fill-range@^7.0.1":
  "integrity" "sha512-qOo9F+dMUmC2Lcb4BbVvnKJxTPjCm+RRpe4gDuGrzkL7mEVl/djYSu2OdQ2Pa302N4oqkSg9ir6jaLWJ2USVpQ=="
  "resolved" "https://registry.npmjs.org/fill-range/-/fill-range-7.0.1.tgz"
  "version" "7.0.1"
  dependencies:
    "to-regex-range" "^5.0.1"

"fs.realpath@^1.0.0":
  "integrity" "sha1-FQStJSMVjKpA20onh8sBQRmU6k8="
  "resolved" "https://registry.npmjs.org/fs.realpath/-/fs.realpath-1.0.0.tgz"
  "version" "1.0.0"

"glob@^7.1.3":
  "integrity" "sha512-LwaxwyZ72Lk7vZINtNNrywX0ZuLyStrdDtabefZKAY5ZGJhVtgdznluResxNmPitE0SAO+O26sWTHeKSI2wMBA=="
  "resolved" "https://registry.npmjs.org/glob/-/glob-7.1.6.tgz"
  "version" "7.1.6"
  dependencies:
    "fs.realpath" "^1.0.0"
    "inflight" "^1.0.4"
    "inherits" "2"
    "minimatch" "^3.0.4"
    "once" "^1.3.0"
    "path-is-absolute" "^1.0.0"

"graceful-fs@^4.2.9":
  "integrity" "sha512-9ByhssR2fPVsNZj478qUUbKfmL0+t5BDVyjShtyZZLiK7ZDAArFFfopyOTj0M05wE2tJPisA4iTnnXl2YoPvOA=="
  "resolved" "https://registry.npmjs.org/graceful-fs/-/graceful-fs-4.2.10.tgz"
  "version" "4.2.10"

"has-flag@^3.0.0":
  "integrity" "sha1-tdRU3CGZriJWmfNGfloH87lVuv0="
  "resolved" "https://registry.npmjs.org/has-flag/-/has-flag-3.0.0.tgz"
  "version" "3.0.0"

"has-flag@^4.0.0":
  "integrity" "sha512-EykJT/Q1KjTWctppgIAgfSO0tKVuZUjhgMr17kqTumMl6Afv3EISleU7qZUzoXDFTAHTDC4NOoG/ZxU3EvlMPQ=="
  "resolved" "https://registry.npmjs.org/has-flag/-/has-flag-4.0.0.tgz"
  "version" "4.0.0"

"hot-module-replacement@^3.0.4":
  "integrity" "sha512-fYNW9iaHjFtPOs0tuZXfOpDtMgEH4xkpTcyHbFN4KkgKSIi0r6FfmbqHAR07TCk8DFwJR8cpjMyhr/5r4eJ3ig=="
  "resolved" "https://registry.npmjs.org/hot-module-replacement/-/hot-module-replacement-3.0.4.tgz"
  "version" "3.0.4"
  dependencies:
    "is-builtin-module" "^1.0.0"
    "node-watch" "^0.5.8"

"i@0.3.x":
  "integrity" "sha1-2WyScyB28HJxG2sQ/X1PZa2O4j0="
  "resolved" "https://registry.npmjs.org/i/-/i-0.3.6.tgz"
  "version" "0.3.6"

"inflight@^1.0.4":
  "integrity" "sha1-Sb1jMdfQLQwJvJEKEHW6gWW1bfk="
  "resolved" "https://registry.npmjs.org/inflight/-/inflight-1.0.6.tgz"
  "version" "1.0.6"
  dependencies:
    "once" "^1.3.0"
    "wrappy" "1"

"inherits@~2.0.3", "inherits@2":
  "integrity" "sha512-k/vGaX4/Yla3WzyMCvTQOXYeIHvqOKtnqBduzTHpzpQZzAskKMhZ2K+EnBiSM9zGSoIFeMpXKxa4dYeZIQqewQ=="
  "resolved" "https://registry.npmjs.org/inherits/-/inherits-2.0.4.tgz"
  "version" "2.0.4"

"is-builtin-module@^1.0.0":
  "integrity" "sha1-VAVy0096wxGfj3bDDLwbHgN6/74="
  "resolved" "https://registry.npmjs.org/is-builtin-module/-/is-builtin-module-1.0.0.tgz"
  "version" "1.0.0"
  dependencies:
    "builtin-modules" "^1.0.0"

"is-number@^7.0.0":
  "integrity" "sha512-41Cifkg6e8TylSpdtTpeLVMqvSBEVzTttHvERD741+pnZ8ANv0004MRL43QKPDlK9cGvNp6NZWZUBlbGXYxxng=="
  "resolved" "https://registry.npmjs.org/is-number/-/is-number-7.0.0.tgz"
  "version" "7.0.0"

"isarray@~1.0.0":
  "integrity" "sha1-u5NdSFgsuhaMBoNJV6VKPgcSTxE="
  "resolved" "https://registry.npmjs.org/isarray/-/isarray-1.0.0.tgz"
  "version" "1.0.0"

"isstream@0.1.x":
  "integrity" "sha1-R+Y/evVa+m+S4VAOaQ64uFKcCZo="
  "resolved" "https://registry.npmjs.org/isstream/-/isstream-0.1.2.tgz"
  "version" "0.1.2"

"jest-diff@^28.1.0":
  "integrity" "sha512-8eFd3U3OkIKRtlasXfiAQfbovgFgRDb0Ngcs2E+FMeBZ4rUezqIaGjuyggJBp+llosQXNEWofk/Sz4Hr5gMUhA=="
  "resolved" "https://registry.npmjs.org/jest-diff/-/jest-diff-28.1.0.tgz"
  "version" "28.1.0"
  dependencies:
    "chalk" "^4.0.0"
    "diff-sequences" "^28.0.2"
    "jest-get-type" "^28.0.2"
    "pretty-format" "^28.1.0"

"jest-get-type@^28.0.2":
  "integrity" "sha512-ioj2w9/DxSYHfOm5lJKCdcAmPJzQXmbM/Url3rhlghrPvT3tt+7a/+oXc9azkKmLvoiXjtV83bEWqi+vs5nlPA=="
  "resolved" "https://registry.npmjs.org/jest-get-type/-/jest-get-type-28.0.2.tgz"
  "version" "28.0.2"

"jest-matcher-utils@^28.1.0":
  "integrity" "sha512-onnax0n2uTLRQFKAjC7TuaxibrPSvZgKTcSCnNUz/tOjJ9UhxNm7ZmPpoQavmTDUjXvUQ8KesWk2/VdrxIFzTQ=="
  "resolved" "https://registry.npmjs.org/jest-matcher-utils/-/jest-matcher-utils-28.1.0.tgz"
  "version" "28.1.0"
  dependencies:
    "chalk" "^4.0.0"
    "jest-diff" "^28.1.0"
    "jest-get-type" "^28.0.2"
    "pretty-format" "^28.1.0"

"jest-message-util@^28.1.0":
  "integrity" "sha512-RpA8mpaJ/B2HphDMiDlrAZdDytkmwFqgjDZovM21F35lHGeUeCvYmm6W+sbQ0ydaLpg5bFAUuWG1cjqOl8vqrw=="
  "resolved" "https://registry.npmjs.org/jest-message-util/-/jest-message-util-28.1.0.tgz"
  "version" "28.1.0"
  dependencies:
    "@babel/code-frame" "^7.12.13"
    "@jest/types" "^28.1.0"
    "@types/stack-utils" "^2.0.0"
    "chalk" "^4.0.0"
    "graceful-fs" "^4.2.9"
    "micromatch" "^4.0.4"
    "pretty-format" "^28.1.0"
    "slash" "^3.0.0"
    "stack-utils" "^2.0.3"

"jest-util@^28.1.0":
  "integrity" "sha512-qYdCKD77k4Hwkose2YBEqQk7PzUf/NSE+rutzceduFveQREeH6b+89Dc9+wjX9dAwHcgdx4yedGA3FQlU/qCTA=="
  "resolved" "https://registry.npmjs.org/jest-util/-/jest-util-28.1.0.tgz"
  "version" "28.1.0"
  dependencies:
    "@jest/types" "^28.1.0"
    "@types/node" "*"
    "chalk" "^4.0.0"
    "ci-info" "^3.2.0"
    "graceful-fs" "^4.2.9"
    "picomatch" "^2.2.3"

"js-tokens@^4.0.0":
  "integrity" "sha512-RdJUflcE3cUzKiMqQgsCu06FPu9UdIJO0beYbPhHN4k6apgJtifcoCtT9bcxOpYBtpD2kCM6Sbzg4CausW/PKQ=="
  "resolved" "https://registry.npmjs.org/js-tokens/-/js-tokens-4.0.0.tgz"
  "version" "4.0.0"

"kareem@2.3.2":
  "integrity" "sha512-STHz9P7X2L4Kwn72fA4rGyqyXdmrMSdxqHx9IXon/FXluXieaFA6KJ2upcHAHxQPQ0LeM/OjLrhFxifHewOALQ=="
  "resolved" "https://registry.npmjs.org/kareem/-/kareem-2.3.2.tgz"
  "version" "2.3.2"

"memory-pager@^1.0.2":
  "integrity" "sha512-ZS4Bp4r/Zoeq6+NLJpP+0Zzm0pR8whtGPf1XExKLJBAczGMnSi3It14OiNCStjQjM6NU1okjQGSxgEZN8eBYKg=="
  "resolved" "https://registry.npmjs.org/memory-pager/-/memory-pager-1.5.0.tgz"
  "version" "1.5.0"

"micromatch@^4.0.4":
  "integrity" "sha512-DMy+ERcEW2q8Z2Po+WNXuw3c5YaUSFjAO5GsJqfEl7UjvtIuFKO6ZrKvcItdy98dwFI2N1tg3zNIdKaQT+aNdA=="
  "resolved" "https://registry.npmjs.org/micromatch/-/micromatch-4.0.5.tgz"
  "version" "4.0.5"
  dependencies:
    "braces" "^3.0.2"
    "picomatch" "^2.3.1"

"minimatch@^3.0.4":
  "integrity" "sha512-yJHVQEhyqPLUTgt9B83PXu6W3rx4MvvHvSUvToogpwoGDOUQ+yDrR0HRot+yOCdCO7u4hX3pWft6kWBBcqh0UA=="
  "resolved" "https://registry.npmjs.org/minimatch/-/minimatch-3.0.4.tgz"
  "version" "3.0.4"
  dependencies:
    "brace-expansion" "^1.1.7"

"minimist@^1.2.5":
  "integrity" "sha512-FM9nNUYrRBAELZQT3xeZQ7fmMOBg6nWNmJKTcgsJeaLstP/UODVpGsr5OhXhhXg6f+qtJ8uiZ+PUxkDWcgIXLw=="
  "resolved" "https://registry.npmjs.org/minimist/-/minimist-1.2.5.tgz"
  "version" "1.2.5"

"mkdirp@0.x.x":
  "integrity" "sha512-NKmAlESf6jMGym1++R0Ra7wvhV+wFW63FaSOFPwRahvea0gMUcGUhVeAg/0BC0wiv9ih5NYPB1Wn1UEI1/L+xQ=="
  "resolved" "https://registry.npmjs.org/mkdirp/-/mkdirp-0.5.5.tgz"
  "version" "0.5.5"
  dependencies:
    "minimist" "^1.2.5"

"mongodb@3.6.3":
  "integrity" "sha512-rOZuR0QkodZiM+UbQE5kDsJykBqWi0CL4Ec2i1nrGrUI3KO11r6Fbxskqmq3JK2NH7aW4dcccBuUujAP0ERl5w=="
  "resolved" "https://registry.npmjs.org/mongodb/-/mongodb-3.6.3.tgz"
  "version" "3.6.3"
  dependencies:
    "bl" "^2.2.1"
    "bson" "^1.1.4"
    "denque" "^1.4.1"
    "require_optional" "^1.0.1"
    "safe-buffer" "^5.1.2"
  optionalDependencies:
    "saslprep" "^1.0.0"

"mongoose-legacy-pluralize@1.0.2":
  "integrity" "sha512-Yo/7qQU4/EyIS8YDFSeenIvXxZN+ld7YdV9LqFVQJzTLye8unujAWPZ4NWKfFA+RNjh+wvTWKY9Z3E5XM6ZZiQ=="
  "resolved" "https://registry.npmjs.org/mongoose-legacy-pluralize/-/mongoose-legacy-pluralize-1.0.2.tgz"
  "version" "1.0.2"

"mongoose@*", "mongoose@^5.11.13":
  "integrity" "sha512-rXbaxSJfLnKKO2RTm8MKt65glrtfKDc4ATEb6vEbbzsVGCiLut753K5axdpyvE7KeTH7GOh4LzmuQLOvaaWOmA=="
  "resolved" "https://registry.npmjs.org/mongoose/-/mongoose-5.11.13.tgz"
  "version" "5.11.13"
  dependencies:
    "@types/mongodb" "^3.5.27"
    "bson" "^1.1.4"
    "kareem" "2.3.2"
    "mongodb" "3.6.3"
    "mongoose-legacy-pluralize" "1.0.2"
    "mpath" "0.8.3"
    "mquery" "3.2.3"
    "ms" "2.1.2"
    "regexp-clone" "1.0.0"
    "safe-buffer" "5.2.1"
    "sift" "7.0.1"
    "sliced" "1.0.1"

"mpath@0.8.3":
  "integrity" "sha512-eb9rRvhDltXVNL6Fxd2zM9D4vKBxjVVQNLNijlj7uoXUy19zNDsIif5zR+pWmPCWNKwAtqyo4JveQm4nfD5+eA=="
  "resolved" "https://registry.npmjs.org/mpath/-/mpath-0.8.3.tgz"
  "version" "0.8.3"

"mquery@3.2.3":
  "integrity" "sha512-cIfbP4TyMYX+SkaQ2MntD+F2XbqaBHUYWk3j+kqdDztPWok3tgyssOZxMHMtzbV1w9DaSlvEea0Iocuro41A4g=="
  "resolved" "https://registry.npmjs.org/mquery/-/mquery-3.2.3.tgz"
  "version" "3.2.3"
  dependencies:
    "bluebird" "3.5.1"
    "debug" "3.1.0"
    "regexp-clone" "^1.0.0"
    "safe-buffer" "5.1.2"
    "sliced" "1.0.1"

"ms@2.0.0":
  "integrity" "sha1-VgiurfwAvmwpAd9fmGF4jeDVl8g="
  "resolved" "https://registry.npmjs.org/ms/-/ms-2.0.0.tgz"
  "version" "2.0.0"

"ms@2.1.2":
  "integrity" "sha512-sGkPx+VjMtmA6MX27oA4FBFELFCZZ4S4XqeGOXCv68tT+jb3vk/RyaKWP0PTKyWtmLSM0b+adUTEvbs1PEaH2w=="
  "resolved" "https://registry.npmjs.org/ms/-/ms-2.1.2.tgz"
  "version" "2.1.2"

"mute-stream@~0.0.4":
  "integrity" "sha512-nnbWWOkoWyUsTjKrhgD0dcz22mdkSnpYqbEjIm2nhwhuxlSkpywJmBo8h0ZqJdkp73mb90SssHkN4rsRaBAfAA=="
  "resolved" "https://registry.npmjs.org/mute-stream/-/mute-stream-0.0.8.tgz"
  "version" "0.0.8"

"ncp@1.0.x":
  "integrity" "sha1-0VNn5cuHQyuhF9K/gP30Wuz7QkY="
  "resolved" "https://registry.npmjs.org/ncp/-/ncp-1.0.1.tgz"
  "version" "1.0.1"

"node-watch@^0.5.8":
  "integrity" "sha512-W0SgGKaB9qSCfFfNj2uQZ/5BlVumaNHjVCAPdEoXrkEJ3ynSf/806LEz1rbDFbJ4+PL9G8IxRkJJTvZndd5D9g=="
  "resolved" "https://registry.npmjs.org/node-watch/-/node-watch-0.5.9.tgz"
  "version" "0.5.9"

"once@^1.3.0":
  "integrity" "sha1-WDsap3WWHUsROsF9nFC6753Xa9E="
  "resolved" "https://registry.npmjs.org/once/-/once-1.4.0.tgz"
  "version" "1.4.0"
  dependencies:
    "wrappy" "1"

"path-is-absolute@^1.0.0":
  "integrity" "sha1-F0uSaHNVNP+8es5r9TpanhtcX18="
  "resolved" "https://registry.npmjs.org/path-is-absolute/-/path-is-absolute-1.0.1.tgz"
  "version" "1.0.1"

"picomatch@^2.2.3", "picomatch@^2.3.1":
  "integrity" "sha512-JU3teHTNjmE2VCGFzuY8EXzCDVwEqB2a8fsIvwaStHhAWJEeVd1o1QD80CU6+ZdEXXSLbSsuLwJjkCBWqRQUVA=="
  "resolved" "https://registry.npmjs.org/picomatch/-/picomatch-2.3.1.tgz"
  "version" "2.3.1"

"pretty-format@^28.1.0":
  "integrity" "sha512-79Z4wWOYCdvQkEoEuSlBhHJqWeZ8D8YRPiPctJFCtvuaClGpiwiQYSCUOE6IEKUbbFukKOTFIUAXE8N4EQTo1Q=="
  "resolved" "https://registry.npmjs.org/pretty-format/-/pretty-format-28.1.0.tgz"
  "version" "28.1.0"
  dependencies:
    "@jest/schemas" "^28.0.2"
    "ansi-regex" "^5.0.1"
    "ansi-styles" "^5.0.0"
    "react-is" "^18.0.0"

"process-nextick-args@~2.0.0":
  "integrity" "sha512-3ouUOpQhtgrbOa17J7+uxOTpITYWaGP7/AhoR3+A+/1e9skrzelGi/dXzEYyvbxubEF6Wn2ypscTKiKJFFn1ag=="
  "resolved" "https://registry.npmjs.org/process-nextick-args/-/process-nextick-args-2.0.1.tgz"
  "version" "2.0.1"

"prompt@^1.1.0":
  "integrity" "sha512-ec1vUPXCplDBDUVD8uPa3XGA+OzLrO40Vxv3F1uxoiZGkZhdctlK2JotcHq5X6ExjocDOGwGdCSXloGNyU5L1Q=="
  "resolved" "https://registry.npmjs.org/prompt/-/prompt-1.1.0.tgz"
  "version" "1.1.0"
  dependencies:
    "colors" "^1.1.2"
    "read" "1.0.x"
    "revalidator" "0.1.x"
    "utile" "0.3.x"
    "winston" "2.x"

"react-is@^18.0.0":
  "integrity" "sha512-Fl7FuabXsJnV5Q1qIOQwx/sagGF18kogb4gpfcG4gjLBWO0WDiiz1ko/ExayuxE7InyQkBLkxRFG5oxY6Uu3Kg=="
  "resolved" "https://registry.npmjs.org/react-is/-/react-is-18.1.0.tgz"
  "version" "18.1.0"

"read@1.0.x":
  "integrity" "sha1-s9oZvQUkMal2cdRKQmNK33ELQMQ="
  "resolved" "https://registry.npmjs.org/read/-/read-1.0.7.tgz"
  "version" "1.0.7"
  dependencies:
    "mute-stream" "~0.0.4"

"readable-stream@^2.3.5":
  "integrity" "sha512-Ebho8K4jIbHAxnuxi7o42OrZgF/ZTNcsZj6nRKyUmkhLFq8CHItp/fy6hQZuZmP/n3yZ9VBUbp4zz/mX8hmYPw=="
  "resolved" "https://registry.npmjs.org/readable-stream/-/readable-stream-2.3.7.tgz"
  "version" "2.3.7"
  dependencies:
    "core-util-is" "~1.0.0"
    "inherits" "~2.0.3"
    "isarray" "~1.0.0"
    "process-nextick-args" "~2.0.0"
    "safe-buffer" "~5.1.1"
    "string_decoder" "~1.1.1"
    "util-deprecate" "~1.0.1"

"regexp-clone@^1.0.0", "regexp-clone@1.0.0":
  "integrity" "sha512-TuAasHQNamyyJ2hb97IuBEif4qBHGjPHBS64sZwytpLEqtBQ1gPJTnOaQ6qmpET16cK14kkjbazl6+p0RRv0yw=="
  "resolved" "https://registry.npmjs.org/regexp-clone/-/regexp-clone-1.0.0.tgz"
  "version" "1.0.0"

"require_optional@^1.0.1":
  "integrity" "sha512-qhM/y57enGWHAe3v/NcwML6a3/vfESLe/sGM2dII+gEO0BpKRUkWZow/tyloNqJyN6kXSl3RyyM8Ll5D/sJP8g=="
  "resolved" "https://registry.npmjs.org/require_optional/-/require_optional-1.0.1.tgz"
  "version" "1.0.1"
  dependencies:
    "resolve-from" "^2.0.0"
    "semver" "^5.1.0"

"resolve-from@^2.0.0":
  "integrity" "sha1-lICrIOlP+h2egKgEx+oUdhGWa1c="
  "resolved" "https://registry.npmjs.org/resolve-from/-/resolve-from-2.0.0.tgz"
  "version" "2.0.0"

"revalidator@0.1.x":
  "integrity" "sha1-/s5hv6DBtSoga9axgZgYS91SOjs="
  "resolved" "https://registry.npmjs.org/revalidator/-/revalidator-0.1.8.tgz"
  "version" "0.1.8"

"rimraf@2.x.x":
  "integrity" "sha512-uWjbaKIK3T1OSVptzX7Nl6PvQ3qAGtKEtVRjRuazjfL3Bx5eI409VZSqgND+4UNnmzLVdPj9FqFJNPqBZFve4w=="
  "resolved" "https://registry.npmjs.org/rimraf/-/rimraf-2.7.1.tgz"
  "version" "2.7.1"
  dependencies:
    "glob" "^7.1.3"

"safe-buffer@^5.1.1":
  "integrity" "sha512-rp3So07KcdmmKbGvgaNxQSJr7bGVSVk5S9Eq1F+ppbRo70+YeaDxkw5Dd8NPN+GD6bjnYm2VuPuCXmpuYvmCXQ=="
  "resolved" "https://registry.npmjs.org/safe-buffer/-/safe-buffer-5.2.1.tgz"
  "version" "5.2.1"

"safe-buffer@^5.1.2":
  "integrity" "sha512-rp3So07KcdmmKbGvgaNxQSJr7bGVSVk5S9Eq1F+ppbRo70+YeaDxkw5Dd8NPN+GD6bjnYm2VuPuCXmpuYvmCXQ=="
  "resolved" "https://registry.npmjs.org/safe-buffer/-/safe-buffer-5.2.1.tgz"
  "version" "5.2.1"

"safe-buffer@~5.1.0", "safe-buffer@~5.1.1", "safe-buffer@5.1.2":
  "integrity" "sha512-Gd2UZBJDkXlY7GbJxfsE8/nvKkUEU1G38c1siN6QP6a9PT9MmHB8GnpscSmMJSoF8LOIrt8ud/wPtojys4G6+g=="
  "resolved" "https://registry.npmjs.org/safe-buffer/-/safe-buffer-5.1.2.tgz"
  "version" "5.1.2"

"safe-buffer@5.2.1":
  "integrity" "sha512-rp3So07KcdmmKbGvgaNxQSJr7bGVSVk5S9Eq1F+ppbRo70+YeaDxkw5Dd8NPN+GD6bjnYm2VuPuCXmpuYvmCXQ=="
  "resolved" "https://registry.npmjs.org/safe-buffer/-/safe-buffer-5.2.1.tgz"
  "version" "5.2.1"

"saslprep@^1.0.0":
  "integrity" "sha512-/MY/PEMbk2SuY5sScONwhUDsV2p77Znkb/q3nSVstq/yQzYJOH/Azh29p9oJLsl3LnQwSvZDKagDGBsBwSooag=="
  "resolved" "https://registry.npmjs.org/saslprep/-/saslprep-1.0.3.tgz"
  "version" "1.0.3"
  dependencies:
    "sparse-bitfield" "^3.0.3"

"semver@^5.1.0":
  "integrity" "sha512-sauaDf/PZdVgrLTNYHRtpXa1iRiKcaebiKQ1BJdpQlWH2lCvexQdX55snPFyK7QzpudqbCI0qXFfOasHdyNDGQ=="
  "resolved" "https://registry.npmjs.org/semver/-/semver-5.7.1.tgz"
  "version" "5.7.1"

"sift@7.0.1":
  "integrity" "sha512-oqD7PMJ+uO6jV9EQCl0LrRw1OwsiPsiFQR5AR30heR+4Dl7jBBbDLnNvWiak20tzZlSE1H7RB30SX/1j/YYT7g=="
  "resolved" "https://registry.npmjs.org/sift/-/sift-7.0.1.tgz"
  "version" "7.0.1"

"slash@^3.0.0":
  "integrity" "sha512-g9Q1haeby36OSStwb4ntCGGGaKsaVSjQ68fBxoQcutl5fS1vuY18H3wSt3jFyFtrkx+Kz0V1G85A4MyAdDMi2Q=="
  "resolved" "https://registry.npmjs.org/slash/-/slash-3.0.0.tgz"
  "version" "3.0.0"

"sliced@1.0.1":
  "integrity" "sha1-CzpmK10Ewxd7GSa+qCsD+Dei70E="
  "resolved" "https://registry.npmjs.org/sliced/-/sliced-1.0.1.tgz"
  "version" "1.0.1"

"sparse-bitfield@^3.0.3":
  "integrity" "sha1-/0rm5oZWBWuks+eSqzM004JzyhE="
  "resolved" "https://registry.npmjs.org/sparse-bitfield/-/sparse-bitfield-3.0.3.tgz"
  "version" "3.0.3"
  dependencies:
    "memory-pager" "^1.0.2"

"stack-trace@0.0.x":
  "integrity" "sha1-VHxws0fo0ytOEI6hoqFZ5f3eGcA="
  "resolved" "https://registry.npmjs.org/stack-trace/-/stack-trace-0.0.10.tgz"
  "version" "0.0.10"

"stack-utils@^2.0.3":
  "integrity" "sha512-xrQcmYhOsn/1kX+Vraq+7j4oE2j/6BFscZ0etmYg81xuM8Gq0022Pxb8+IqgOFUIaxHs0KaSb7T1+OegiNrNFA=="
  "resolved" "https://registry.npmjs.org/stack-utils/-/stack-utils-2.0.5.tgz"
  "version" "2.0.5"
  dependencies:
    "escape-string-regexp" "^2.0.0"

"string_decoder@~1.1.1":
  "integrity" "sha512-n/ShnvDi6FHbbVfviro+WojiFzv+s8MPMHBczVePfUpDJLwoLT0ht1l4YwBCbi8pJAveEEdnkHyPyTP/mzRfwg=="
  "resolved" "https://registry.npmjs.org/string_decoder/-/string_decoder-1.1.1.tgz"
  "version" "1.1.1"
  dependencies:
    "safe-buffer" "~5.1.0"

"supports-color@^5.3.0":
  "integrity" "sha512-QjVjwdXIt408MIiAqCX4oUKsgU2EqAGzs2Ppkm4aQYbjm+ZEWEcW4SfFNTr4uMNZma0ey4f5lgLrkB0aX0QMow=="
  "resolved" "https://registry.npmjs.org/supports-color/-/supports-color-5.5.0.tgz"
  "version" "5.5.0"
  dependencies:
    "has-flag" "^3.0.0"

"supports-color@^7.1.0":
  "integrity" "sha512-qpCAvRl9stuOHveKsn7HncJRvv501qIacKzQlO/+Lwxc9+0q2wLyv4Dfvt80/DPn2pqOBsJdDiogXGR9+OvwRw=="
  "resolved" "https://registry.npmjs.org/supports-color/-/supports-color-7.2.0.tgz"
  "version" "7.2.0"
  dependencies:
    "has-flag" "^4.0.0"

"to-regex-range@^5.0.1":
  "integrity" "sha512-65P7iz6X5yEr1cwcgvQxbbIw7Uk3gOy5dIdtZ4rDveLqhrdJP+Li/Hx6tyK0NEb+2GCyneCMJiGqrADCSNk8sQ=="
  "resolved" "https://registry.npmjs.org/to-regex-range/-/to-regex-range-5.0.1.tgz"
  "version" "5.0.1"
  dependencies:
    "is-number" "^7.0.0"

"util-deprecate@~1.0.1":
  "integrity" "sha1-RQ1Nyfpw3nMnYvvS1KKJgUGaDM8="
  "resolved" "https://registry.npmjs.org/util-deprecate/-/util-deprecate-1.0.2.tgz"
  "version" "1.0.2"

"utile@0.3.x":
  "integrity" "sha1-E1LDQOuCDk2N26A5pPv6oy7U7zo="
  "resolved" "https://registry.npmjs.org/utile/-/utile-0.3.0.tgz"
  "version" "0.3.0"
  dependencies:
    "async" "~0.9.0"
    "deep-equal" "~0.2.1"
    "i" "0.3.x"
    "mkdirp" "0.x.x"
    "ncp" "1.0.x"
    "rimraf" "2.x.x"

"winston@2.x":
  "integrity" "sha512-TWoamHt5yYvsMarGlGEQE59SbJHqGsZV8/lwC+iCcGeAe0vUaOh+Lv6SYM17ouzC/a/LB1/hz/7sxFBtlu1l4A=="
  "resolved" "https://registry.npmjs.org/winston/-/winston-2.4.5.tgz"
  "version" "2.4.5"
  dependencies:
    "async" "~1.0.0"
    "colors" "1.0.x"
    "cycle" "1.0.x"
    "eyes" "0.1.x"
    "isstream" "0.1.x"
    "stack-trace" "0.0.x"

"wrappy@1":
  "integrity" "sha1-tSQ9jz7BqjXxNkYFvA0QNuMKtp8="
  "resolved" "https://registry.npmjs.org/wrappy/-/wrappy-1.0.2.tgz"
  "version" "1.0.2"
